// !$*UTF8*$!
{
	archiveVersion = 1;
	classes = {
	};
	objectVersion = 51;
	objects = {

/* Begin PBXBuildFile section */
		3F1A12A225B1B36100B7D233 /* LoginViewController.swift in Sources */ = {isa = PBXBuildFile; fileRef = 3F1A12A125B1B36100B7D233 /* LoginViewController.swift */; };
		3F1A12A525B1B3B000B7D233 /* LoginFirstViewController.swift in Sources */ = {isa = PBXBuildFile; fileRef = 3F1A12A425B1B3B000B7D233 /* LoginFirstViewController.swift */; };
		3F1A12A825B1B3CD00B7D233 /* LoginSecondViewController.swift in Sources */ = {isa = PBXBuildFile; fileRef = 3F1A12A725B1B3CD00B7D233 /* LoginSecondViewController.swift */; };
		3F1A12B125B528CF00B7D233 /* FoodInfoViewController.swift in Sources */ = {isa = PBXBuildFile; fileRef = 3F1A12B025B528CF00B7D233 /* FoodInfoViewController.swift */; };
		3F81ECA025B17366007A0BBB /* AppDelegate.swift in Sources */ = {isa = PBXBuildFile; fileRef = 3F81EC9F25B17366007A0BBB /* AppDelegate.swift */; };
		3F81ECA225B17366007A0BBB /* SceneDelegate.swift in Sources */ = {isa = PBXBuildFile; fileRef = 3F81ECA125B17366007A0BBB /* SceneDelegate.swift */; };
		3F81ECA425B17366007A0BBB /* ViewController.swift in Sources */ = {isa = PBXBuildFile; fileRef = 3F81ECA325B17366007A0BBB /* ViewController.swift */; };
		3F81ECA725B17366007A0BBB /* Main.storyboard in Resources */ = {isa = PBXBuildFile; fileRef = 3F81ECA525B17366007A0BBB /* Main.storyboard */; };
		3F81ECAA25B17366007A0BBB /* food_delivery_app.xcdatamodeld in Sources */ = {isa = PBXBuildFile; fileRef = 3F81ECA825B17366007A0BBB /* food_delivery_app.xcdatamodeld */; };
		3F81ECAC25B1736B007A0BBB /* Assets.xcassets in Resources */ = {isa = PBXBuildFile; fileRef = 3F81ECAB25B1736B007A0BBB /* Assets.xcassets */; };
		3F81ECAF25B1736B007A0BBB /* LaunchScreen.storyboard in Resources */ = {isa = PBXBuildFile; fileRef = 3F81ECAD25B1736B007A0BBB /* LaunchScreen.storyboard */; };
		693113DCF68956A8DD2A7C28 /* Pods_food_delivery_app.framework in Frameworks */ = {isa = PBXBuildFile; fileRef = 9303364ADE115C321649B6A8 /* Pods_food_delivery_app.framework */; };
		C3BAF10125B551330074A8AB /* FoodCollectionViewCell.swift in Sources */ = {isa = PBXBuildFile; fileRef = C3BAF0FF25B551330074A8AB /* FoodCollectionViewCell.swift */; };
		C3BAF10225B551330074A8AB /* FoodCollectionViewCell.xib in Resources */ = {isa = PBXBuildFile; fileRef = C3BAF10025B551330074A8AB /* FoodCollectionViewCell.xib */; };
/* End PBXBuildFile section */

/* Begin PBXFileReference section */
		3F1A12A125B1B36100B7D233 /* LoginViewController.swift */ = {isa = PBXFileReference; lastKnownFileType = sourcecode.swift; path = LoginViewController.swift; sourceTree = "<group>"; };
		3F1A12A425B1B3B000B7D233 /* LoginFirstViewController.swift */ = {isa = PBXFileReference; lastKnownFileType = sourcecode.swift; path = LoginFirstViewController.swift; sourceTree = "<group>"; };
		3F1A12A725B1B3CD00B7D233 /* LoginSecondViewController.swift */ = {isa = PBXFileReference; lastKnownFileType = sourcecode.swift; path = LoginSecondViewController.swift; sourceTree = "<group>"; };
		3F1A12B025B528CF00B7D233 /* FoodInfoViewController.swift */ = {isa = PBXFileReference; lastKnownFileType = sourcecode.swift; path = FoodInfoViewController.swift; sourceTree = "<group>"; };
		3F81EC9C25B17366007A0BBB /* food_delivery_app.app */ = {isa = PBXFileReference; explicitFileType = wrapper.application; includeInIndex = 0; path = food_delivery_app.app; sourceTree = BUILT_PRODUCTS_DIR; };
		3F81EC9F25B17366007A0BBB /* AppDelegate.swift */ = {isa = PBXFileReference; lastKnownFileType = sourcecode.swift; path = AppDelegate.swift; sourceTree = "<group>"; };
		3F81ECA125B17366007A0BBB /* SceneDelegate.swift */ = {isa = PBXFileReference; lastKnownFileType = sourcecode.swift; path = SceneDelegate.swift; sourceTree = "<group>"; };
		3F81ECA325B17366007A0BBB /* ViewController.swift */ = {isa = PBXFileReference; lastKnownFileType = sourcecode.swift; path = ViewController.swift; sourceTree = "<group>"; };
		3F81ECA625B17366007A0BBB /* Base */ = {isa = PBXFileReference; lastKnownFileType = file.storyboard; name = Base; path = Base.lproj/Main.storyboard; sourceTree = "<group>"; };
		3F81ECA925B17366007A0BBB /* food_delivery_app.xcdatamodel */ = {isa = PBXFileReference; lastKnownFileType = wrapper.xcdatamodel; path = food_delivery_app.xcdatamodel; sourceTree = "<group>"; };
		3F81ECAB25B1736B007A0BBB /* Assets.xcassets */ = {isa = PBXFileReference; lastKnownFileType = folder.assetcatalog; path = Assets.xcassets; sourceTree = "<group>"; };
		3F81ECAE25B1736B007A0BBB /* Base */ = {isa = PBXFileReference; lastKnownFileType = file.storyboard; name = Base; path = Base.lproj/LaunchScreen.storyboard; sourceTree = "<group>"; };
		3F81ECB025B1736B007A0BBB /* Info.plist */ = {isa = PBXFileReference; lastKnownFileType = text.plist.xml; path = Info.plist; sourceTree = "<group>"; };
		70FD5C5F0613CE2ADBC73515 /* Pods-food_delivery_app.debug.xcconfig */ = {isa = PBXFileReference; includeInIndex = 1; lastKnownFileType = text.xcconfig; name = "Pods-food_delivery_app.debug.xcconfig"; path = "Target Support Files/Pods-food_delivery_app/Pods-food_delivery_app.debug.xcconfig"; sourceTree = "<group>"; };
		9303364ADE115C321649B6A8 /* Pods_food_delivery_app.framework */ = {isa = PBXFileReference; explicitFileType = wrapper.framework; includeInIndex = 0; path = Pods_food_delivery_app.framework; sourceTree = BUILT_PRODUCTS_DIR; };
		9F4EE7EF30F7EBDCC0043FA5 /* Pods-food_delivery_app.release.xcconfig */ = {isa = PBXFileReference; includeInIndex = 1; lastKnownFileType = text.xcconfig; name = "Pods-food_delivery_app.release.xcconfig"; path = "Target Support Files/Pods-food_delivery_app/Pods-food_delivery_app.release.xcconfig"; sourceTree = "<group>"; };
		C3BAF0FF25B551330074A8AB /* FoodCollectionViewCell.swift */ = {isa = PBXFileReference; lastKnownFileType = sourcecode.swift; path = FoodCollectionViewCell.swift; sourceTree = "<group>"; };
		C3BAF10025B551330074A8AB /* FoodCollectionViewCell.xib */ = {isa = PBXFileReference; lastKnownFileType = file.xib; path = FoodCollectionViewCell.xib; sourceTree = "<group>"; };
/* End PBXFileReference section */

/* Begin PBXFrameworksBuildPhase section */
		3F81EC9925B17366007A0BBB /* Frameworks */ = {
			isa = PBXFrameworksBuildPhase;
			buildActionMask = 2147483647;
			files = (
				693113DCF68956A8DD2A7C28 /* Pods_food_delivery_app.framework in Frameworks */,
			);
			runOnlyForDeploymentPostprocessing = 0;
		};
/* End PBXFrameworksBuildPhase section */

/* Begin PBXGroup section */
		0EEE4623A2082E541CF76F8E /* Frameworks */ = {
			isa = PBXGroup;
			children = (
				9303364ADE115C321649B6A8 /* Pods_food_delivery_app.framework */,
			);
			name = Frameworks;
			sourceTree = "<group>";
		};
		3F81EC9325B17366007A0BBB = {
			isa = PBXGroup;
			children = (
				3F81EC9E25B17366007A0BBB /* food_delivery_app */,
				3F81EC9D25B17366007A0BBB /* Products */,
				BB4464AB2FC5AFEE6778DD4F /* Pods */,
				0EEE4623A2082E541CF76F8E /* Frameworks */,
			);
			sourceTree = "<group>";
		};
		3F81EC9D25B17366007A0BBB /* Products */ = {
			isa = PBXGroup;
			children = (
				3F81EC9C25B17366007A0BBB /* food_delivery_app.app */,
			);
			name = Products;
			sourceTree = "<group>";
		};
		3F81EC9E25B17366007A0BBB /* food_delivery_app */ = {
			isa = PBXGroup;
			children = (
				C3BAF0FE25B551030074A8AB /* View */,
				3F81EC9F25B17366007A0BBB /* AppDelegate.swift */,
				3F81ECA125B17366007A0BBB /* SceneDelegate.swift */,
				3F81ECA325B17366007A0BBB /* ViewController.swift */,
				3F1A12B025B528CF00B7D233 /* FoodInfoViewController.swift */,
				3F81ECA525B17366007A0BBB /* Main.storyboard */,
				3F81ECAB25B1736B007A0BBB /* Assets.xcassets */,
				3F81ECAD25B1736B007A0BBB /* LaunchScreen.storyboard */,
				3F81ECB025B1736B007A0BBB /* Info.plist */,
				3F81ECA825B17366007A0BBB /* food_delivery_app.xcdatamodeld */,
				3F1A12A125B1B36100B7D233 /* LoginViewController.swift */,
				3F1A12A425B1B3B000B7D233 /* LoginFirstViewController.swift */,
				3F1A12A725B1B3CD00B7D233 /* LoginSecondViewController.swift */,
			);
			path = food_delivery_app;
			sourceTree = "<group>";
		};
		BB4464AB2FC5AFEE6778DD4F /* Pods */ = {
			isa = PBXGroup;
			children = (
				70FD5C5F0613CE2ADBC73515 /* Pods-food_delivery_app.debug.xcconfig */,
				9F4EE7EF30F7EBDCC0043FA5 /* Pods-food_delivery_app.release.xcconfig */,
			);
			path = Pods;
			sourceTree = "<group>";
		};
		C3BAF0FE25B551030074A8AB /* View */ = {
			isa = PBXGroup;
			children = (
				C3BAF0FF25B551330074A8AB /* FoodCollectionViewCell.swift */,
				C3BAF10025B551330074A8AB /* FoodCollectionViewCell.xib */,
			);
			path = View;
			sourceTree = "<group>";
		};
/* End PBXGroup section */

/* Begin PBXNativeTarget section */
		3F81EC9B25B17366007A0BBB /* food_delivery_app */ = {
			isa = PBXNativeTarget;
			buildConfigurationList = 3F81ECB325B1736B007A0BBB /* Build configuration list for PBXNativeTarget "food_delivery_app" */;
			buildPhases = (
				393B2A80B46CA93B121F75B2 /* [CP] Check Pods Manifest.lock */,
				3F81EC9825B17366007A0BBB /* Sources */,
				3F81EC9925B17366007A0BBB /* Frameworks */,
				3F81EC9A25B17366007A0BBB /* Resources */,
				8BB5DDD6EF84E68ED9EA5FCC /* [CP] Embed Pods Frameworks */,
			);
			buildRules = (
			);
			dependencies = (
			);
			name = food_delivery_app;
			productName = food_delivery_app;
			productReference = 3F81EC9C25B17366007A0BBB /* food_delivery_app.app */;
			productType = "com.apple.product-type.application";
		};
/* End PBXNativeTarget section */

/* Begin PBXProject section */
		3F81EC9425B17366007A0BBB /* Project object */ = {
			isa = PBXProject;
			attributes = {
				LastSwiftUpdateCheck = 1230;
				LastUpgradeCheck = 1230;
				TargetAttributes = {
					3F81EC9B25B17366007A0BBB = {
						CreatedOnToolsVersion = 12.3;
					};
				};
			};
			buildConfigurationList = 3F81EC9725B17366007A0BBB /* Build configuration list for PBXProject "food_delivery_app" */;
			compatibilityVersion = "Xcode 9.3";
			developmentRegion = en;
			hasScannedForEncodings = 0;
			knownRegions = (
				en,
				Base,
			);
			mainGroup = 3F81EC9325B17366007A0BBB;
			productRefGroup = 3F81EC9D25B17366007A0BBB /* Products */;
			projectDirPath = "";
			projectRoot = "";
			targets = (
				3F81EC9B25B17366007A0BBB /* food_delivery_app */,
			);
		};
/* End PBXProject section */

/* Begin PBXResourcesBuildPhase section */
		3F81EC9A25B17366007A0BBB /* Resources */ = {
			isa = PBXResourcesBuildPhase;
			buildActionMask = 2147483647;
			files = (
				3F81ECAF25B1736B007A0BBB /* LaunchScreen.storyboard in Resources */,
				3F81ECAC25B1736B007A0BBB /* Assets.xcassets in Resources */,
				C3BAF10225B551330074A8AB /* FoodCollectionViewCell.xib in Resources */,
				3F81ECA725B17366007A0BBB /* Main.storyboard in Resources */,
			);
			runOnlyForDeploymentPostprocessing = 0;
		};
/* End PBXResourcesBuildPhase section */

/* Begin PBXShellScriptBuildPhase section */
		393B2A80B46CA93B121F75B2 /* [CP] Check Pods Manifest.lock */ = {
			isa = PBXShellScriptBuildPhase;
			buildActionMask = 2147483647;
			files = (
			);
			inputFileListPaths = (
			);
			inputPaths = (
				"${PODS_PODFILE_DIR_PATH}/Podfile.lock",
				"${PODS_ROOT}/Manifest.lock",
			);
			name = "[CP] Check Pods Manifest.lock";
			outputFileListPaths = (
			);
			outputPaths = (
				"$(DERIVED_FILE_DIR)/Pods-food_delivery_app-checkManifestLockResult.txt",
			);
			runOnlyForDeploymentPostprocessing = 0;
			shellPath = /bin/sh;
			shellScript = "diff \"${PODS_PODFILE_DIR_PATH}/Podfile.lock\" \"${PODS_ROOT}/Manifest.lock\" > /dev/null\nif [ $? != 0 ] ; then\n    # print error to STDERR\n    echo \"error: The sandbox is not in sync with the Podfile.lock. Run 'pod install' or update your CocoaPods installation.\" >&2\n    exit 1\nfi\n# This output is used by Xcode 'outputs' to avoid re-running this script phase.\necho \"SUCCESS\" > \"${SCRIPT_OUTPUT_FILE_0}\"\n";
			showEnvVarsInLog = 0;
		};
		8BB5DDD6EF84E68ED9EA5FCC /* [CP] Embed Pods Frameworks */ = {
			isa = PBXShellScriptBuildPhase;
			buildActionMask = 2147483647;
			files = (
			);
			inputFileListPaths = (
				"${PODS_ROOT}/Target Support Files/Pods-food_delivery_app/Pods-food_delivery_app-frameworks-${CONFIGURATION}-input-files.xcfilelist",
			);
			name = "[CP] Embed Pods Frameworks";
			outputFileListPaths = (
				"${PODS_ROOT}/Target Support Files/Pods-food_delivery_app/Pods-food_delivery_app-frameworks-${CONFIGURATION}-output-files.xcfilelist",
			);
			runOnlyForDeploymentPostprocessing = 0;
			shellPath = /bin/sh;
			shellScript = "\"${PODS_ROOT}/Target Support Files/Pods-food_delivery_app/Pods-food_delivery_app-frameworks.sh\"\n";
			showEnvVarsInLog = 0;
		};
/* End PBXShellScriptBuildPhase section */

/* Begin PBXSourcesBuildPhase section */
		3F81EC9825B17366007A0BBB /* Sources */ = {
			isa = PBXSourcesBuildPhase;
			buildActionMask = 2147483647;
			files = (
				3F81ECA425B17366007A0BBB /* ViewController.swift in Sources */,
				3F1A12A525B1B3B000B7D233 /* LoginFirstViewController.swift in Sources */,
				C3BAF10125B551330074A8AB /* FoodCollectionViewCell.swift in Sources */,
				3F81ECAA25B17366007A0BBB /* food_delivery_app.xcdatamodeld in Sources */,
				3F81ECA025B17366007A0BBB /* AppDelegate.swift in Sources */,
				3F1A12B125B528CF00B7D233 /* FoodInfoViewController.swift in Sources */,
				3F1A12A225B1B36100B7D233 /* LoginViewController.swift in Sources */,
				3F81ECA225B17366007A0BBB /* SceneDelegate.swift in Sources */,
				3F1A12A825B1B3CD00B7D233 /* LoginSecondViewController.swift in Sources */,
			);
			runOnlyForDeploymentPostprocessing = 0;
		};
/* End PBXSourcesBuildPhase section */

/* Begin PBXVariantGroup section */
		3F81ECA525B17366007A0BBB /* Main.storyboard */ = {
			isa = PBXVariantGroup;
			children = (
				3F81ECA625B17366007A0BBB /* Base */,
			);
			name = Main.storyboard;
			sourceTree = "<group>";
		};
		3F81ECAD25B1736B007A0BBB /* LaunchScreen.storyboard */ = {
			isa = PBXVariantGroup;
			children = (
				3F81ECAE25B1736B007A0BBB /* Base */,
			);
			name = LaunchScreen.storyboard;
			sourceTree = "<group>";
		};
/* End PBXVariantGroup section */

/* Begin XCBuildConfiguration section */
		3F81ECB125B1736B007A0BBB /* Debug */ = {
			isa = XCBuildConfiguration;
			buildSettings = {
				ALWAYS_SEARCH_USER_PATHS = NO;
				CLANG_ANALYZER_NONNULL = YES;
				CLANG_ANALYZER_NUMBER_OBJECT_CONVERSION = YES_AGGRESSIVE;
				CLANG_CXX_LANGUAGE_STANDARD = "gnu++14";
				CLANG_CXX_LIBRARY = "libc++";
				CLANG_ENABLE_MODULES = YES;
				CLANG_ENABLE_OBJC_ARC = YES;
				CLANG_ENABLE_OBJC_WEAK = YES;
				CLANG_WARN_BLOCK_CAPTURE_AUTORELEASING = YES;
				CLANG_WARN_BOOL_CONVERSION = YES;
				CLANG_WARN_COMMA = YES;
				CLANG_WARN_CONSTANT_CONVERSION = YES;
				CLANG_WARN_DEPRECATED_OBJC_IMPLEMENTATIONS = YES;
				CLANG_WARN_DIRECT_OBJC_ISA_USAGE = YES_ERROR;
				CLANG_WARN_DOCUMENTATION_COMMENTS = YES;
				CLANG_WARN_EMPTY_BODY = YES;
				CLANG_WARN_ENUM_CONVERSION = YES;
				CLANG_WARN_INFINITE_RECURSION = YES;
				CLANG_WARN_INT_CONVERSION = YES;
				CLANG_WARN_NON_LITERAL_NULL_CONVERSION = YES;
				CLANG_WARN_OBJC_IMPLICIT_RETAIN_SELF = YES;
				CLANG_WARN_OBJC_LITERAL_CONVERSION = YES;
				CLANG_WARN_OBJC_ROOT_CLASS = YES_ERROR;
				CLANG_WARN_QUOTED_INCLUDE_IN_FRAMEWORK_HEADER = YES;
				CLANG_WARN_RANGE_LOOP_ANALYSIS = YES;
				CLANG_WARN_STRICT_PROTOTYPES = YES;
				CLANG_WARN_SUSPICIOUS_MOVE = YES;
				CLANG_WARN_UNGUARDED_AVAILABILITY = YES_AGGRESSIVE;
				CLANG_WARN_UNREACHABLE_CODE = YES;
				CLANG_WARN__DUPLICATE_METHOD_MATCH = YES;
				COPY_PHASE_STRIP = NO;
				DEBUG_INFORMATION_FORMAT = dwarf;
				ENABLE_STRICT_OBJC_MSGSEND = YES;
				ENABLE_TESTABILITY = YES;
				GCC_C_LANGUAGE_STANDARD = gnu11;
				GCC_DYNAMIC_NO_PIC = NO;
				GCC_NO_COMMON_BLOCKS = YES;
				GCC_OPTIMIZATION_LEVEL = 0;
				GCC_PREPROCESSOR_DEFINITIONS = (
					"DEBUG=1",
					"$(inherited)",
				);
				GCC_WARN_64_TO_32_BIT_CONVERSION = YES;
				GCC_WARN_ABOUT_RETURN_TYPE = YES_ERROR;
				GCC_WARN_UNDECLARED_SELECTOR = YES;
				GCC_WARN_UNINITIALIZED_AUTOS = YES_AGGRESSIVE;
				GCC_WARN_UNUSED_FUNCTION = YES;
				GCC_WARN_UNUSED_VARIABLE = YES;
				IPHONEOS_DEPLOYMENT_TARGET = 14.3;
				MTL_ENABLE_DEBUG_INFO = INCLUDE_SOURCE;
				MTL_FAST_MATH = YES;
				ONLY_ACTIVE_ARCH = YES;
				SDKROOT = iphoneos;
				SWIFT_ACTIVE_COMPILATION_CONDITIONS = DEBUG;
				SWIFT_OPTIMIZATION_LEVEL = "-Onone";
			};
			name = Debug;
		};
		3F81ECB225B1736B007A0BBB /* Release */ = {
			isa = XCBuildConfiguration;
			buildSettings = {
				ALWAYS_SEARCH_USER_PATHS = NO;
				CLANG_ANALYZER_NONNULL = YES;
				CLANG_ANALYZER_NUMBER_OBJECT_CONVERSION = YES_AGGRESSIVE;
				CLANG_CXX_LANGUAGE_STANDARD = "gnu++14";
				CLANG_CXX_LIBRARY = "libc++";
				CLANG_ENABLE_MODULES = YES;
				CLANG_ENABLE_OBJC_ARC = YES;
				CLANG_ENABLE_OBJC_WEAK = YES;
				CLANG_WARN_BLOCK_CAPTURE_AUTORELEASING = YES;
				CLANG_WARN_BOOL_CONVERSION = YES;
				CLANG_WARN_COMMA = YES;
				CLANG_WARN_CONSTANT_CONVERSION = YES;
				CLANG_WARN_DEPRECATED_OBJC_IMPLEMENTATIONS = YES;
				CLANG_WARN_DIRECT_OBJC_ISA_USAGE = YES_ERROR;
				CLANG_WARN_DOCUMENTATION_COMMENTS = YES;
				CLANG_WARN_EMPTY_BODY = YES;
				CLANG_WARN_ENUM_CONVERSION = YES;
				CLANG_WARN_INFINITE_RECURSION = YES;
				CLANG_WARN_INT_CONVERSION = YES;
				CLANG_WARN_NON_LITERAL_NULL_CONVERSION = YES;
				CLANG_WARN_OBJC_IMPLICIT_RETAIN_SELF = YES;
				CLANG_WARN_OBJC_LITERAL_CONVERSION = YES;
				CLANG_WARN_OBJC_ROOT_CLASS = YES_ERROR;
				CLANG_WARN_QUOTED_INCLUDE_IN_FRAMEWORK_HEADER = YES;
				CLANG_WARN_RANGE_LOOP_ANALYSIS = YES;
				CLANG_WARN_STRICT_PROTOTYPES = YES;
				CLANG_WARN_SUSPICIOUS_MOVE = YES;
				CLANG_WARN_UNGUARDED_AVAILABILITY = YES_AGGRESSIVE;
				CLANG_WARN_UNREACHABLE_CODE = YES;
				CLANG_WARN__DUPLICATE_METHOD_MATCH = YES;
				COPY_PHASE_STRIP = NO;
				DEBUG_INFORMATION_FORMAT = "dwarf-with-dsym";
				ENABLE_NS_ASSERTIONS = NO;
				ENABLE_STRICT_OBJC_MSGSEND = YES;
				GCC_C_LANGUAGE_STANDARD = gnu11;
				GCC_NO_COMMON_BLOCKS = YES;
				GCC_WARN_64_TO_32_BIT_CONVERSION = YES;
				GCC_WARN_ABOUT_RETURN_TYPE = YES_ERROR;
				GCC_WARN_UNDECLARED_SELECTOR = YES;
				GCC_WARN_UNINITIALIZED_AUTOS = YES_AGGRESSIVE;
				GCC_WARN_UNUSED_FUNCTION = YES;
				GCC_WARN_UNUSED_VARIABLE = YES;
				IPHONEOS_DEPLOYMENT_TARGET = 14.3;
				MTL_ENABLE_DEBUG_INFO = NO;
				MTL_FAST_MATH = YES;
				SDKROOT = iphoneos;
				SWIFT_COMPILATION_MODE = wholemodule;
				SWIFT_OPTIMIZATION_LEVEL = "-O";
				VALIDATE_PRODUCT = YES;
			};
			name = Release;
		};
		3F81ECB425B1736B007A0BBB /* Debug */ = {
			isa = XCBuildConfiguration;
			baseConfigurationReference = 70FD5C5F0613CE2ADBC73515 /* Pods-food_delivery_app.debug.xcconfig */;
			buildSettings = {
				ASSETCATALOG_COMPILER_APPICON_NAME = AppIcon;
				ASSETCATALOG_COMPILER_GLOBAL_ACCENT_COLOR_NAME = AccentColor;
				CODE_SIGN_STYLE = Automatic;
				INFOPLIST_FILE = food_delivery_app/Info.plist;
				LD_RUNPATH_SEARCH_PATHS = (
					"$(inherited)",
					"@executable_path/Frameworks",
				);
				PRODUCT_BUNDLE_IDENTIFIER = "kosuke.sumiyasu.food-delivery-app";
				PRODUCT_NAME = "$(TARGET_NAME)";
				SWIFT_VERSION = 5.0;
				TARGETED_DEVICE_FAMILY = "1,2";
			};
			name = Debug;
		};
		3F81ECB525B1736B007A0BBB /* Release */ = {
			isa = XCBuildConfiguration;
			baseConfigurationReference = 9F4EE7EF30F7EBDCC0043FA5 /* Pods-food_delivery_app.release.xcconfig */;
			buildSettings = {
				ASSETCATALOG_COMPILER_APPICON_NAME = AppIcon;
				ASSETCATALOG_COMPILER_GLOBAL_ACCENT_COLOR_NAME = AccentColor;
				CODE_SIGN_STYLE = Automatic;
				INFOPLIST_FILE = food_delivery_app/Info.plist;
				LD_RUNPATH_SEARCH_PATHS = (
					"$(inherited)",
					"@executable_path/Frameworks",
				);
				PRODUCT_BUNDLE_IDENTIFIER = "kosuke.sumiyasu.food-delivery-app";
				PRODUCT_NAME = "$(TARGET_NAME)";
				SWIFT_VERSION = 5.0;
				TARGETED_DEVICE_FAMILY = "1,2";
			};
			name = Release;
		};
/* End XCBuildConfiguration section */

/* Begin XCConfigurationList section */
		3F81EC9725B17366007A0BBB /* Build configuration list for PBXProject "food_delivery_app" */ = {
			isa = XCConfigurationList;
			buildConfigurations = (
				3F81ECB125B1736B007A0BBB /* Debug */,
				3F81ECB225B1736B007A0BBB /* Release */,
			);
			defaultConfigurationIsVisible = 0;
			defaultConfigurationName = Release;
		};
		3F81ECB325B1736B007A0BBB /* Build configuration list for PBXNativeTarget "food_delivery_app" */ = {
			isa = XCConfigurationList;
			buildConfigurations = (
				3F81ECB425B1736B007A0BBB /* Debug */,
				3F81ECB525B1736B007A0BBB /* Release */,
			);
			defaultConfigurationIsVisible = 0;
			defaultConfigurationName = Release;
		};
/* End XCConfigurationList section */

/* Begin XCVersionGroup section */
		3F81ECA825B17366007A0BBB /* food_delivery_app.xcdatamodeld */ = {
			isa = XCVersionGroup;
			children = (
				3F81ECA925B17366007A0BBB /* food_delivery_app.xcdatamodel */,
			);
			currentVersion = 3F81ECA925B17366007A0BBB /* food_delivery_app.xcdatamodel */;
			path = food_delivery_app.xcdatamodeld;
			sourceTree = "<group>";
			versionGroupType = wrapper.xcdatamodel;
		};
/* End XCVersionGroup section */
	};
	rootObject = 3F81EC9425B17366007A0BBB /* Project object */;
}
